
Microsoft Visual Studio Solution File, Format Version 12.00
# Visual Studio Version 17
VisualStudioVersion = 17.3.32922.545
MinimumVisualStudioVersion = 10.0.40219.1
Project("{FAE04EC0-301F-11D3-BF4B-00C04F79EFBC}") = "School_Journal", "School_Journal\School_Journal.csproj", "{043D4BB5-1CE9-419B-B4D1-7EA30F8FA6A9}"
EndProject
Global
	GlobalSection(SolutionConfigurationPlatforms) = preSolution
		Debug|Any CPU = Debug|Any CPU
		Release|Any CPU = Release|Any CPU
	EndGlobalSection
	GlobalSection(ProjectConfigurationPlatforms) = postSolution
		{043D4BB5-1CE9-419B-B4D1-7EA30F8FA6A9}.Debug|Any CPU.ActiveCfg = Debug|Any CPU
		{043D4BB5-1CE9-419B-B4D1-7EA30F8FA6A9}.Debug|Any CPU.Build.0 = Debug|Any CPU
		{043D4BB5-1CE9-419B-B4D1-7EA30F8FA6A9}.Release|Any CPU.ActiveCfg = Release|Any CPU
		{043D4BB5-1CE9-419B-B4D1-7EA30F8FA6A9}.Release|Any CPU.Build.0 = Release|Any CPU
	EndGlobalSection
	GlobalSection(SolutionProperties) = preSolution
		HideSolutionNode = FALSE
	EndGlobalSection
	GlobalSection(ExtensibilityGlobals) = postSolution
		SolutionGuid = {EBE75297-2AF1-4F5E-B069-FB5066348052}
	EndGlobalSection
EndGlobal
